
Microsoft Visual Studio Solution File, Format Version 12.00
# Visual Studio 15
VisualStudioVersion = 15.0.27428.1
MinimumVisualStudioVersion = 10.0.40219.1
Project("{FAE04EC0-301F-11D3-BF4B-00C04F79EFBC}") = "TomaszDyskoLab5Zad1", "TomaszDyskoLab5Zad1\TomaszDyskoLab5Zad1.csproj", "{28AA3B1F-6A89-4597-B4FA-2B4D79FE3BCD}"
EndProject
Global
	GlobalSection(SolutionConfigurationPlatforms) = preSolution
		Debug|Any CPU = Debug|Any CPU
		Release|Any CPU = Release|Any CPU
	EndGlobalSection
	GlobalSection(ProjectConfigurationPlatforms) = postSolution
		{28AA3B1F-6A89-4597-B4FA-2B4D79FE3BCD}.Debug|Any CPU.ActiveCfg = Debug|Any CPU
		{28AA3B1F-6A89-4597-B4FA-2B4D79FE3BCD}.Debug|Any CPU.Build.0 = Debug|Any CPU
		{28AA3B1F-6A89-4597-B4FA-2B4D79FE3BCD}.Release|Any CPU.ActiveCfg = Release|Any CPU
		{28AA3B1F-6A89-4597-B4FA-2B4D79FE3BCD}.Release|Any CPU.Build.0 = Release|Any CPU
	EndGlobalSection
	GlobalSection(SolutionProperties) = preSolution
		HideSolutionNode = FALSE
	EndGlobalSection
	GlobalSection(ExtensibilityGlobals) = postSolution
		SolutionGuid = {60AA7A30-23F0-4343-B26D-25B0DB06C6FE}
	EndGlobalSection
EndGlobal
